
Microsoft Visual Studio Solution File, Format Version 12.00
# Visual Studio 15
VisualStudioVersion = 15.0.27004.2009
MinimumVisualStudioVersion = 10.0.40219.1
Project("{FAE04EC0-301F-11D3-BF4B-00C04F79EFBC}") = "Project", "Project\Project.csproj", "{7B87B6CF-0B49-4AA8-A7AB-9D8E60F5B526}"
EndProject
Project("{FAE04EC0-301F-11D3-BF4B-00C04F79EFBC}") = "TestProject", "TestProject\TestProject.csproj", "{80123D07-4702-4134-9649-F3C81DEFC5FD}"
EndProject
Global
	GlobalSection(SolutionConfigurationPlatforms) = preSolution
		Debug|Any CPU = Debug|Any CPU
		Release|Any CPU = Release|Any CPU
	EndGlobalSection
	GlobalSection(ProjectConfigurationPlatforms) = postSolution
		{7B87B6CF-0B49-4AA8-A7AB-9D8E60F5B526}.Debug|Any CPU.ActiveCfg = Debug|Any CPU
		{7B87B6CF-0B49-4AA8-A7AB-9D8E60F5B526}.Debug|Any CPU.Build.0 = Debug|Any CPU
		{7B87B6CF-0B49-4AA8-A7AB-9D8E60F5B526}.Release|Any CPU.ActiveCfg = Release|Any CPU
		{7B87B6CF-0B49-4AA8-A7AB-9D8E60F5B526}.Release|Any CPU.Build.0 = Release|Any CPU
		{80123D07-4702-4134-9649-F3C81DEFC5FD}.Debug|Any CPU.ActiveCfg = Debug|Any CPU
		{80123D07-4702-4134-9649-F3C81DEFC5FD}.Debug|Any CPU.Build.0 = Debug|Any CPU
		{80123D07-4702-4134-9649-F3C81DEFC5FD}.Release|Any CPU.ActiveCfg = Release|Any CPU
		{80123D07-4702-4134-9649-F3C81DEFC5FD}.Release|Any CPU.Build.0 = Release|Any CPU
	EndGlobalSection
	GlobalSection(SolutionProperties) = preSolution
		HideSolutionNode = FALSE
	EndGlobalSection
	GlobalSection(ExtensibilityGlobals) = postSolution
		SolutionGuid = {55EF0D0A-3E33-4FE4-9CB2-9C8816242630}
	EndGlobalSection
EndGlobal
